{
  "name": "telemetry-source",
  "version": "1.0.0",
  "lockfileVersion": 3,
  "requires": true,
  "packages": {
    "": {
      "name": "telemetry-source",
      "version": "1.0.0",
      "license": "ISC",
      "dependencies": {
        "tm-timer": "^1.0.2"
      }
    },
    "node_modules/tm-ticker": {
      "version": "1.5.1",
      "resolved": "https://registry.npmjs.org/tm-ticker/-/tm-ticker-1.5.1.tgz",
      "integrity": "sha512-ghHnZi/hAZ8cq8RmjSvzi6ZU25DR6Bajba3+3WX2+DV6n8xdeTQssuiqbhd6jOCFZupdABQp/khfkfYCuBUpQQ=="
    },
    "node_modules/tm-timer": {
      "version": "1.0.2",
      "resolved": "https://registry.npmjs.org/tm-timer/-/tm-timer-1.0.2.tgz",
      "integrity": "sha512-vn1AW+oieomUuy99XJhXAAqldhHFtl3Jnk5pXaB4ao8+6heGyHjat8+SN85OkGG++kaGmkLdJb4icmoWC7htiA==",
      "dependencies": {
        "tm-ticker": "^1.5.1"
      }
    }
  }
}
